<?xml version="1.0" encoding="UTF-8" standalone="yes" ?>
<CodeBlocks_project_file>
	<FileVersion major="1" minor="6" />
	<Project>
		<Option title="SDL-Library" />
		<Option pch_mode="2" />
		<Option compiler="gcc" />
		<Build>
			<Target title="Debug">
				<Option output="bin/Debug/SDL-Library" prefix_auto="1" extension_auto="1" />
				<Option object_output="obj/Debug/" />
				<Option type="1" />
				<Option compiler="gcc" />
				<Compiler>
					<Add option="-g" />
					<Add directory="include" />
				</Compiler>
			</Target>
			<Target title="Release">
				<Option output="bin/Release/SDL-Library" prefix_auto="1" extension_auto="1" />
				<Option object_output="obj/Release/" />
				<Option type="1" />
				<Option compiler="gcc" />
				<Compiler>
					<Add option="-O2" />
					<Add directory="include" />
				</Compiler>
				<Linker>
					<Add option="-s" />
				</Linker>
			</Target>
		</Build>
		<Compiler>
			<Add option="-Wall" />
			<Add option="-fexceptions" />
			<Add directory="include" />
			<Add directory="D:/cpp/SDL2-2.30.9/i686-w64-mingw32/include/SDL2" />
			<Add directory="D:/cpp/SDL2_image-2.8.2/i686-w64-mingw32/include/SDL2" />
			<Add directory="D:/cpp/SDL2_ttf-2.22.0/i686-w64-mingw32/include/SDL2" />
			<Add directory="D:/cpp/SDL2_mixer-2.8.0/i686-w64-mingw32/include/SDL2" />
		</Compiler>
		<Linker>
			<Add option="-lmingw32 -lSDL2main -lSDL2 -lSDL2_image -lSDL2_ttf -lSDL2_mixer" />
			<Add directory="src" />
			<Add directory="D:/cpp/SDL2-2.30.9/i686-w64-mingw32/lib" />
			<Add directory="D:/cpp/SDL2_image-2.8.2/i686-w64-mingw32/lib" />
			<Add directory="D:/cpp/SDL2_ttf-2.22.0/i686-w64-mingw32/lib" />
			<Add directory="D:/cpp/SDL2_mixer-2.8.0/i686-w64-mingw32/lib" />
		</Linker>
		<Unit filename="include/ErrorTracker.h" />
		<Unit filename="include/Font.h" />
		<Unit filename="include/Init.h" />
		<Unit filename="include/Music.h" />
		<Unit filename="include/Renderer.h" />
		<Unit filename="include/Soundfx.h" />
		<Unit filename="include/Surface.h" />
		<Unit filename="include/Texture.h" />
		<Unit filename="include/Window.h" />
		<Unit filename="main.cpp" />
		<Unit filename="src/ErrorTracker.cpp" />
		<Unit filename="src/Font.cpp" />
		<Unit filename="src/Init.cpp" />
		<Unit filename="src/Music.cpp" />
		<Unit filename="src/Renderer.cpp" />
		<Unit filename="src/Soundfx.cpp" />
		<Unit filename="src/Surface.cpp" />
		<Unit filename="src/Texture.cpp" />
		<Unit filename="src/Window.cpp" />
		<Extensions />
	</Project>
</CodeBlocks_project_file>
